
Microsoft Visual Studio Solution File, Format Version 12.00
# Visual Studio Version 16
VisualStudioVersion = 16.0.30907.101
MinimumVisualStudioVersion = 10.0.40219.1
Project("{9A19103F-16F7-4668-BE54-9A1E7A4F7556}") = "School.API", "School.API\School.API.csproj", "{7BE63B81-040E-40BC-B24F-05680FBB1E49}"
EndProject
Project("{9A19103F-16F7-4668-BE54-9A1E7A4F7556}") = "School.Web", "School.Web\School.Web.csproj", "{C2B26FDF-8259-44A8-9DA7-3F56B80E1D6A}"
EndProject
Project("{9A19103F-16F7-4668-BE54-9A1E7A4F7556}") = "School.Web.Bff", "School.Web.Bff\School.Web.Bff.csproj", "{DC7F4D7A-9E38-42C1-8D69-40AE7CC3F1FC}"
EndProject
Project("{2150E333-8FDC-42A3-9474-1A3956D46DE8}") = "1.Backend", "1.Backend", "{54D3662C-5425-466E-88DE-464BE586E149}"
EndProject
Project("{2150E333-8FDC-42A3-9474-1A3956D46DE8}") = "3.Frontend", "3.Frontend", "{B4143C2B-6334-4F24-90F5-E8331A3AC60C}"
EndProject
Project("{FAE04EC0-301F-11D3-BF4B-00C04F79EFBC}") = "School.Domain", "School.Domain\School.Domain.csproj", "{E7188AC8-2CA1-4854-AB59-38F011C16204}"
EndProject
Project("{FAE04EC0-301F-11D3-BF4B-00C04F79EFBC}") = "School.Service", "School.Service\School.Service.csproj", "{A3B182BC-FCA2-467F-93B1-9251954C6466}"
EndProject
Project("{FAE04EC0-301F-11D3-BF4B-00C04F79EFBC}") = "School.Tests.Unit", "School.Tests.Unit\School.Tests.Unit.csproj", "{B00435DE-1F45-4608-BC80-6FD95DEBD28B}"
EndProject
Project("{2150E333-8FDC-42A3-9474-1A3956D46DE8}") = "2.AppGateway", "2.AppGateway", "{8E8B64B7-BC04-4B67-A81B-9A1F96815A62}"
EndProject
Global
	GlobalSection(SolutionConfigurationPlatforms) = preSolution
		Debug|Any CPU = Debug|Any CPU
		Release|Any CPU = Release|Any CPU
	EndGlobalSection
	GlobalSection(ProjectConfigurationPlatforms) = postSolution
		{7BE63B81-040E-40BC-B24F-05680FBB1E49}.Debug|Any CPU.ActiveCfg = Debug|Any CPU
		{7BE63B81-040E-40BC-B24F-05680FBB1E49}.Debug|Any CPU.Build.0 = Debug|Any CPU
		{7BE63B81-040E-40BC-B24F-05680FBB1E49}.Release|Any CPU.ActiveCfg = Release|Any CPU
		{7BE63B81-040E-40BC-B24F-05680FBB1E49}.Release|Any CPU.Build.0 = Release|Any CPU
		{C2B26FDF-8259-44A8-9DA7-3F56B80E1D6A}.Debug|Any CPU.ActiveCfg = Debug|Any CPU
		{C2B26FDF-8259-44A8-9DA7-3F56B80E1D6A}.Debug|Any CPU.Build.0 = Debug|Any CPU
		{C2B26FDF-8259-44A8-9DA7-3F56B80E1D6A}.Release|Any CPU.ActiveCfg = Release|Any CPU
		{C2B26FDF-8259-44A8-9DA7-3F56B80E1D6A}.Release|Any CPU.Build.0 = Release|Any CPU
		{DC7F4D7A-9E38-42C1-8D69-40AE7CC3F1FC}.Debug|Any CPU.ActiveCfg = Debug|Any CPU
		{DC7F4D7A-9E38-42C1-8D69-40AE7CC3F1FC}.Debug|Any CPU.Build.0 = Debug|Any CPU
		{DC7F4D7A-9E38-42C1-8D69-40AE7CC3F1FC}.Release|Any CPU.ActiveCfg = Release|Any CPU
		{DC7F4D7A-9E38-42C1-8D69-40AE7CC3F1FC}.Release|Any CPU.Build.0 = Release|Any CPU
		{E7188AC8-2CA1-4854-AB59-38F011C16204}.Debug|Any CPU.ActiveCfg = Debug|Any CPU
		{E7188AC8-2CA1-4854-AB59-38F011C16204}.Debug|Any CPU.Build.0 = Debug|Any CPU
		{E7188AC8-2CA1-4854-AB59-38F011C16204}.Release|Any CPU.ActiveCfg = Release|Any CPU
		{E7188AC8-2CA1-4854-AB59-38F011C16204}.Release|Any CPU.Build.0 = Release|Any CPU
		{A3B182BC-FCA2-467F-93B1-9251954C6466}.Debug|Any CPU.ActiveCfg = Debug|Any CPU
		{A3B182BC-FCA2-467F-93B1-9251954C6466}.Debug|Any CPU.Build.0 = Debug|Any CPU
		{A3B182BC-FCA2-467F-93B1-9251954C6466}.Release|Any CPU.ActiveCfg = Release|Any CPU
		{A3B182BC-FCA2-467F-93B1-9251954C6466}.Release|Any CPU.Build.0 = Release|Any CPU
		{B00435DE-1F45-4608-BC80-6FD95DEBD28B}.Debug|Any CPU.ActiveCfg = Debug|Any CPU
		{B00435DE-1F45-4608-BC80-6FD95DEBD28B}.Debug|Any CPU.Build.0 = Debug|Any CPU
		{B00435DE-1F45-4608-BC80-6FD95DEBD28B}.Release|Any CPU.ActiveCfg = Release|Any CPU
		{B00435DE-1F45-4608-BC80-6FD95DEBD28B}.Release|Any CPU.Build.0 = Release|Any CPU
	EndGlobalSection
	GlobalSection(SolutionProperties) = preSolution
		HideSolutionNode = FALSE
	EndGlobalSection
	GlobalSection(NestedProjects) = preSolution
		{7BE63B81-040E-40BC-B24F-05680FBB1E49} = {54D3662C-5425-466E-88DE-464BE586E149}
		{C2B26FDF-8259-44A8-9DA7-3F56B80E1D6A} = {B4143C2B-6334-4F24-90F5-E8331A3AC60C}
		{DC7F4D7A-9E38-42C1-8D69-40AE7CC3F1FC} = {8E8B64B7-BC04-4B67-A81B-9A1F96815A62}
		{E7188AC8-2CA1-4854-AB59-38F011C16204} = {54D3662C-5425-466E-88DE-464BE586E149}
		{A3B182BC-FCA2-467F-93B1-9251954C6466} = {54D3662C-5425-466E-88DE-464BE586E149}
		{B00435DE-1F45-4608-BC80-6FD95DEBD28B} = {54D3662C-5425-466E-88DE-464BE586E149}
	EndGlobalSection
	GlobalSection(ExtensibilityGlobals) = postSolution
		SolutionGuid = {6C749362-60FF-4AE4-B6C6-B268FA1B1CC2}
	EndGlobalSection
EndGlobal
