
Microsoft Visual Studio Solution File, Format Version 12.00
# Visual Studio Version 16
VisualStudioVersion = 16.0.30907.101
MinimumVisualStudioVersion = 10.0.40219.1
Project("{9A19103F-16F7-4668-BE54-9A1E7A4F7556}") = "School.API", "School.API\School.API.csproj", "{7BE63B81-040E-40BC-B24F-05680FBB1E49}"
EndProject
Project("{9A19103F-16F7-4668-BE54-9A1E7A4F7556}") = "School.Web", "School.Web\School.Web.csproj", "{C2B26FDF-8259-44A8-9DA7-3F56B80E1D6A}"
EndProject
Project("{FAE04EC0-301F-11D3-BF4B-00C04F79EFBC}") = "School.Web.Bff", "School.Web.Bff\School.Web.Bff.csproj", "{DC7F4D7A-9E38-42C1-8D69-40AE7CC3F1FC}"
EndProject
Global
	GlobalSection(SolutionConfigurationPlatforms) = preSolution
		Debug|Any CPU = Debug|Any CPU
		Release|Any CPU = Release|Any CPU
	EndGlobalSection
	GlobalSection(ProjectConfigurationPlatforms) = postSolution
		{7BE63B81-040E-40BC-B24F-05680FBB1E49}.Debug|Any CPU.ActiveCfg = Debug|Any CPU
		{7BE63B81-040E-40BC-B24F-05680FBB1E49}.Debug|Any CPU.Build.0 = Debug|Any CPU
		{7BE63B81-040E-40BC-B24F-05680FBB1E49}.Release|Any CPU.ActiveCfg = Release|Any CPU
		{7BE63B81-040E-40BC-B24F-05680FBB1E49}.Release|Any CPU.Build.0 = Release|Any CPU
		{C2B26FDF-8259-44A8-9DA7-3F56B80E1D6A}.Debug|Any CPU.ActiveCfg = Debug|Any CPU
		{C2B26FDF-8259-44A8-9DA7-3F56B80E1D6A}.Debug|Any CPU.Build.0 = Debug|Any CPU
		{C2B26FDF-8259-44A8-9DA7-3F56B80E1D6A}.Release|Any CPU.ActiveCfg = Release|Any CPU
		{C2B26FDF-8259-44A8-9DA7-3F56B80E1D6A}.Release|Any CPU.Build.0 = Release|Any CPU
		{DC7F4D7A-9E38-42C1-8D69-40AE7CC3F1FC}.Debug|Any CPU.ActiveCfg = Debug|Any CPU
		{DC7F4D7A-9E38-42C1-8D69-40AE7CC3F1FC}.Debug|Any CPU.Build.0 = Debug|Any CPU
		{DC7F4D7A-9E38-42C1-8D69-40AE7CC3F1FC}.Release|Any CPU.ActiveCfg = Release|Any CPU
		{DC7F4D7A-9E38-42C1-8D69-40AE7CC3F1FC}.Release|Any CPU.Build.0 = Release|Any CPU
	EndGlobalSection
	GlobalSection(SolutionProperties) = preSolution
		HideSolutionNode = FALSE
	EndGlobalSection
	GlobalSection(ExtensibilityGlobals) = postSolution
		SolutionGuid = {6C749362-60FF-4AE4-B6C6-B268FA1B1CC2}
	EndGlobalSection
EndGlobal
